
Microsoft Visual Studio Solution File, Format Version 12.00
# Visual Studio Version 17
VisualStudioVersion = 17.5.33530.505
MinimumVisualStudioVersion = 10.0.40219.1
Project("{FAE04EC0-301F-11D3-BF4B-00C04F79EFBC}") = "CoTuongLAN", "GameCoTuong\CoTuongLAN.csproj", "{CF1123D3-7E4F-49DD-BC2E-E30C3074AEAE}"
EndProject
Global
	GlobalSection(SolutionConfigurationPlatforms) = preSolution
		Debug|Any CPU = Debug|Any CPU
		Release|Any CPU = Release|Any CPU
	EndGlobalSection
	GlobalSection(ProjectConfigurationPlatforms) = postSolution
		{CF1123D3-7E4F-49DD-BC2E-E30C3074AEAE}.Debug|Any CPU.ActiveCfg = Debug|Any CPU
		{CF1123D3-7E4F-49DD-BC2E-E30C3074AEAE}.Debug|Any CPU.Build.0 = Debug|Any CPU
		{CF1123D3-7E4F-49DD-BC2E-E30C3074AEAE}.Release|Any CPU.ActiveCfg = Release|Any CPU
		{CF1123D3-7E4F-49DD-BC2E-E30C3074AEAE}.Release|Any CPU.Build.0 = Release|Any CPU
	EndGlobalSection
	GlobalSection(SolutionProperties) = preSolution
		HideSolutionNode = FALSE
	EndGlobalSection
	GlobalSection(ExtensibilityGlobals) = postSolution
		SolutionGuid = {12AA3763-1663-4E2F-8CBF-270265AA5D0C}
	EndGlobalSection
EndGlobal
